
Microsoft Visual Studio Solution File, Format Version 12.00
# Visual Studio 15
VisualStudioVersion = 15.0.27703.2042
MinimumVisualStudioVersion = 10.0.40219.1
Project("{FAE04EC0-301F-11D3-BF4B-00C04F79EFBC}") = "Sales.Android", "Sales\Sales.Android\Sales.Android.csproj", "{31EB4D17-20B8-42E5-BB3E-94E0CDE0A8AB}"
EndProject
Project("{FAE04EC0-301F-11D3-BF4B-00C04F79EFBC}") = "Sales.iOS", "Sales\Sales.iOS\Sales.iOS.csproj", "{D9574153-7845-488C-A07D-00650F649DA2}"
EndProject
Project("{FAE04EC0-301F-11D3-BF4B-00C04F79EFBC}") = "Sales.UWP", "Sales\Sales.UWP\Sales.UWP.csproj", "{6D9F53E8-3E4E-4416-96DF-3BEE4CBA4CA5}"
EndProject
Project("{9A19103F-16F7-4668-BE54-9A1E7A4F7556}") = "Sales", "Sales\Sales\Sales.csproj", "{8D75620A-0D9C-4454-A718-7B2D64BC2EC8}"
EndProject
Project("{FAE04EC0-301F-11D3-BF4B-00C04F79EFBC}") = "Sales.Backend", "Sales.Backend\Sales.Backend.csproj", "{CFE8A430-F807-49B3-BA74-21971F9FE568}"
EndProject
Project("{FAE04EC0-301F-11D3-BF4B-00C04F79EFBC}") = "Sales.API", "Sales.API\Sales.API.csproj", "{91752827-D00D-4817-8297-87FF098E52FD}"
EndProject
Project("{FAE04EC0-301F-11D3-BF4B-00C04F79EFBC}") = "Sales.Domain", "Sales.Domain\Sales.Domain.csproj", "{1CE2C8C4-B35A-45A2-BA3F-AE1A2A7BCF56}"
EndProject
Project("{FAE04EC0-301F-11D3-BF4B-00C04F79EFBC}") = "Sales.Common", "Sales.Common\Sales.Common.csproj", "{E7045BF0-418B-4DFB-B4AF-207966EED152}"
EndProject
Global
	GlobalSection(SolutionConfigurationPlatforms) = preSolution
		Ad-Hoc|Any CPU = Ad-Hoc|Any CPU
		Ad-Hoc|ARM = Ad-Hoc|ARM
		Ad-Hoc|iPhone = Ad-Hoc|iPhone
		Ad-Hoc|iPhoneSimulator = Ad-Hoc|iPhoneSimulator
		Ad-Hoc|x64 = Ad-Hoc|x64
		Ad-Hoc|x86 = Ad-Hoc|x86
		AppStore|Any CPU = AppStore|Any CPU
		AppStore|ARM = AppStore|ARM
		AppStore|iPhone = AppStore|iPhone
		AppStore|iPhoneSimulator = AppStore|iPhoneSimulator
		AppStore|x64 = AppStore|x64
		AppStore|x86 = AppStore|x86
		Debug|Any CPU = Debug|Any CPU
		Debug|ARM = Debug|ARM
		Debug|iPhone = Debug|iPhone
		Debug|iPhoneSimulator = Debug|iPhoneSimulator
		Debug|x64 = Debug|x64
		Debug|x86 = Debug|x86
		Release|Any CPU = Release|Any CPU
		Release|ARM = Release|ARM
		Release|iPhone = Release|iPhone
		Release|iPhoneSimulator = Release|iPhoneSimulator
		Release|x64 = Release|x64
		Release|x86 = Release|x86
	EndGlobalSection
	GlobalSection(ProjectConfigurationPlatforms) = postSolution
		{31EB4D17-20B8-42E5-BB3E-94E0CDE0A8AB}.Ad-Hoc|Any CPU.ActiveCfg = Release|Any CPU
		{31EB4D17-20B8-42E5-BB3E-94E0CDE0A8AB}.Ad-Hoc|Any CPU.Build.0 = Release|Any CPU
		{31EB4D17-20B8-42E5-BB3E-94E0CDE0A8AB}.Ad-Hoc|Any CPU.Deploy.0 = Release|Any CPU
		{31EB4D17-20B8-42E5-BB3E-94E0CDE0A8AB}.Ad-Hoc|ARM.ActiveCfg = Release|Any CPU
		{31EB4D17-20B8-42E5-BB3E-94E0CDE0A8AB}.Ad-Hoc|ARM.Build.0 = Release|Any CPU
		{31EB4D17-20B8-42E5-BB3E-94E0CDE0A8AB}.Ad-Hoc|ARM.Deploy.0 = Release|Any CPU
		{31EB4D17-20B8-42E5-BB3E-94E0CDE0A8AB}.Ad-Hoc|iPhone.ActiveCfg = Release|Any CPU
		{31EB4D17-20B8-42E5-BB3E-94E0CDE0A8AB}.Ad-Hoc|iPhone.Build.0 = Release|Any CPU
		{31EB4D17-20B8-42E5-BB3E-94E0CDE0A8AB}.Ad-Hoc|iPhone.Deploy.0 = Release|Any CPU
		{31EB4D17-20B8-42E5-BB3E-94E0CDE0A8AB}.Ad-Hoc|iPhoneSimulator.ActiveCfg = Release|Any CPU
		{31EB4D17-20B8-42E5-BB3E-94E0CDE0A8AB}.Ad-Hoc|iPhoneSimulator.Build.0 = Release|Any CPU
		{31EB4D17-20B8-42E5-BB3E-94E0CDE0A8AB}.Ad-Hoc|iPhoneSimulator.Deploy.0 = Release|Any CPU
		{31EB4D17-20B8-42E5-BB3E-94E0CDE0A8AB}.Ad-Hoc|x64.ActiveCfg = Release|Any CPU
		{31EB4D17-20B8-42E5-BB3E-94E0CDE0A8AB}.Ad-Hoc|x64.Build.0 = Release|Any CPU
		{31EB4D17-20B8-42E5-BB3E-94E0CDE0A8AB}.Ad-Hoc|x64.Deploy.0 = Release|Any CPU
		{31EB4D17-20B8-42E5-BB3E-94E0CDE0A8AB}.Ad-Hoc|x86.ActiveCfg = Release|Any CPU
		{31EB4D17-20B8-42E5-BB3E-94E0CDE0A8AB}.Ad-Hoc|x86.Build.0 = Release|Any CPU
		{31EB4D17-20B8-42E5-BB3E-94E0CDE0A8AB}.Ad-Hoc|x86.Deploy.0 = Release|Any CPU
		{31EB4D17-20B8-42E5-BB3E-94E0CDE0A8AB}.AppStore|Any CPU.ActiveCfg = Release|Any CPU
		{31EB4D17-20B8-42E5-BB3E-94E0CDE0A8AB}.AppStore|Any CPU.Build.0 = Release|Any CPU
		{31EB4D17-20B8-42E5-BB3E-94E0CDE0A8AB}.AppStore|Any CPU.Deploy.0 = Release|Any CPU
		{31EB4D17-20B8-42E5-BB3E-94E0CDE0A8AB}.AppStore|ARM.ActiveCfg = Release|Any CPU
		{31EB4D17-20B8-42E5-BB3E-94E0CDE0A8AB}.AppStore|ARM.Build.0 = Release|Any CPU
		{31EB4D17-20B8-42E5-BB3E-94E0CDE0A8AB}.AppStore|ARM.Deploy.0 = Release|Any CPU
		{31EB4D17-20B8-42E5-BB3E-94E0CDE0A8AB}.AppStore|iPhone.ActiveCfg = Release|Any CPU
		{31EB4D17-20B8-42E5-BB3E-94E0CDE0A8AB}.AppStore|iPhone.Build.0 = Release|Any CPU
		{31EB4D17-20B8-42E5-BB3E-94E0CDE0A8AB}.AppStore|iPhone.Deploy.0 = Release|Any CPU
		{31EB4D17-20B8-42E5-BB3E-94E0CDE0A8AB}.AppStore|iPhoneSimulator.ActiveCfg = Release|Any CPU
		{31EB4D17-20B8-42E5-BB3E-94E0CDE0A8AB}.AppStore|iPhoneSimulator.Build.0 = Release|Any CPU
		{31EB4D17-20B8-42E5-BB3E-94E0CDE0A8AB}.AppStore|iPhoneSimulator.Deploy.0 = Release|Any CPU
		{31EB4D17-20B8-42E5-BB3E-94E0CDE0A8AB}.AppStore|x64.ActiveCfg = Release|Any CPU
		{31EB4D17-20B8-42E5-BB3E-94E0CDE0A8AB}.AppStore|x64.Build.0 = Release|Any CPU
		{31EB4D17-20B8-42E5-BB3E-94E0CDE0A8AB}.AppStore|x64.Deploy.0 = Release|Any CPU
		{31EB4D17-20B8-42E5-BB3E-94E0CDE0A8AB}.AppStore|x86.ActiveCfg = Release|Any CPU
		{31EB4D17-20B8-42E5-BB3E-94E0CDE0A8AB}.AppStore|x86.Build.0 = Release|Any CPU
		{31EB4D17-20B8-42E5-BB3E-94E0CDE0A8AB}.AppStore|x86.Deploy.0 = Release|Any CPU
		{31EB4D17-20B8-42E5-BB3E-94E0CDE0A8AB}.Debug|Any CPU.ActiveCfg = Debug|Any CPU
		{31EB4D17-20B8-42E5-BB3E-94E0CDE0A8AB}.Debug|Any CPU.Build.0 = Debug|Any CPU
		{31EB4D17-20B8-42E5-BB3E-94E0CDE0A8AB}.Debug|Any CPU.Deploy.0 = Debug|Any CPU
		{31EB4D17-20B8-42E5-BB3E-94E0CDE0A8AB}.Debug|ARM.ActiveCfg = Debug|Any CPU
		{31EB4D17-20B8-42E5-BB3E-94E0CDE0A8AB}.Debug|ARM.Build.0 = Debug|Any CPU
		{31EB4D17-20B8-42E5-BB3E-94E0CDE0A8AB}.Debug|ARM.Deploy.0 = Debug|Any CPU
		{31EB4D17-20B8-42E5-BB3E-94E0CDE0A8AB}.Debug|iPhone.ActiveCfg = Debug|Any CPU
		{31EB4D17-20B8-42E5-BB3E-94E0CDE0A8AB}.Debug|iPhone.Build.0 = Debug|Any CPU
		{31EB4D17-20B8-42E5-BB3E-94E0CDE0A8AB}.Debug|iPhone.Deploy.0 = Debug|Any CPU
		{31EB4D17-20B8-42E5-BB3E-94E0CDE0A8AB}.Debug|iPhoneSimulator.ActiveCfg = Debug|Any CPU
		{31EB4D17-20B8-42E5-BB3E-94E0CDE0A8AB}.Debug|iPhoneSimulator.Build.0 = Debug|Any CPU
		{31EB4D17-20B8-42E5-BB3E-94E0CDE0A8AB}.Debug|iPhoneSimulator.Deploy.0 = Debug|Any CPU
		{31EB4D17-20B8-42E5-BB3E-94E0CDE0A8AB}.Debug|x64.ActiveCfg = Debug|Any CPU
		{31EB4D17-20B8-42E5-BB3E-94E0CDE0A8AB}.Debug|x64.Build.0 = Debug|Any CPU
		{31EB4D17-20B8-42E5-BB3E-94E0CDE0A8AB}.Debug|x64.Deploy.0 = Debug|Any CPU
		{31EB4D17-20B8-42E5-BB3E-94E0CDE0A8AB}.Debug|x86.ActiveCfg = Debug|Any CPU
		{31EB4D17-20B8-42E5-BB3E-94E0CDE0A8AB}.Debug|x86.Build.0 = Debug|Any CPU
		{31EB4D17-20B8-42E5-BB3E-94E0CDE0A8AB}.Debug|x86.Deploy.0 = Debug|Any CPU
		{31EB4D17-20B8-42E5-BB3E-94E0CDE0A8AB}.Release|Any CPU.ActiveCfg = Release|Any CPU
		{31EB4D17-20B8-42E5-BB3E-94E0CDE0A8AB}.Release|Any CPU.Build.0 = Release|Any CPU
		{31EB4D17-20B8-42E5-BB3E-94E0CDE0A8AB}.Release|Any CPU.Deploy.0 = Release|Any CPU
		{31EB4D17-20B8-42E5-BB3E-94E0CDE0A8AB}.Release|ARM.ActiveCfg = Release|Any CPU
		{31EB4D17-20B8-42E5-BB3E-94E0CDE0A8AB}.Release|ARM.Build.0 = Release|Any CPU
		{31EB4D17-20B8-42E5-BB3E-94E0CDE0A8AB}.Release|ARM.Deploy.0 = Release|Any CPU
		{31EB4D17-20B8-42E5-BB3E-94E0CDE0A8AB}.Release|iPhone.ActiveCfg = Release|Any CPU
		{31EB4D17-20B8-42E5-BB3E-94E0CDE0A8AB}.Release|iPhone.Build.0 = Release|Any CPU
		{31EB4D17-20B8-42E5-BB3E-94E0CDE0A8AB}.Release|iPhone.Deploy.0 = Release|Any CPU
		{31EB4D17-20B8-42E5-BB3E-94E0CDE0A8AB}.Release|iPhoneSimulator.ActiveCfg = Release|Any CPU
		{31EB4D17-20B8-42E5-BB3E-94E0CDE0A8AB}.Release|iPhoneSimulator.Build.0 = Release|Any CPU
		{31EB4D17-20B8-42E5-BB3E-94E0CDE0A8AB}.Release|iPhoneSimulator.Deploy.0 = Release|Any CPU
		{31EB4D17-20B8-42E5-BB3E-94E0CDE0A8AB}.Release|x64.ActiveCfg = Release|Any CPU
		{31EB4D17-20B8-42E5-BB3E-94E0CDE0A8AB}.Release|x64.Build.0 = Release|Any CPU
		{31EB4D17-20B8-42E5-BB3E-94E0CDE0A8AB}.Release|x64.Deploy.0 = Release|Any CPU
		{31EB4D17-20B8-42E5-BB3E-94E0CDE0A8AB}.Release|x86.ActiveCfg = Release|Any CPU
		{31EB4D17-20B8-42E5-BB3E-94E0CDE0A8AB}.Release|x86.Build.0 = Release|Any CPU
		{31EB4D17-20B8-42E5-BB3E-94E0CDE0A8AB}.Release|x86.Deploy.0 = Release|Any CPU
		{D9574153-7845-488C-A07D-00650F649DA2}.Ad-Hoc|Any CPU.ActiveCfg = Ad-Hoc|iPhone
		{D9574153-7845-488C-A07D-00650F649DA2}.Ad-Hoc|Any CPU.Build.0 = Ad-Hoc|iPhone
		{D9574153-7845-488C-A07D-00650F649DA2}.Ad-Hoc|Any CPU.Deploy.0 = Ad-Hoc|iPhone
		{D9574153-7845-488C-A07D-00650F649DA2}.Ad-Hoc|ARM.ActiveCfg = Ad-Hoc|iPhone
		{D9574153-7845-488C-A07D-00650F649DA2}.Ad-Hoc|ARM.Build.0 = Ad-Hoc|iPhone
		{D9574153-7845-488C-A07D-00650F649DA2}.Ad-Hoc|ARM.Deploy.0 = Ad-Hoc|iPhone
		{D9574153-7845-488C-A07D-00650F649DA2}.Ad-Hoc|iPhone.ActiveCfg = Ad-Hoc|iPhone
		{D9574153-7845-488C-A07D-00650F649DA2}.Ad-Hoc|iPhone.Build.0 = Ad-Hoc|iPhone
		{D9574153-7845-488C-A07D-00650F649DA2}.Ad-Hoc|iPhone.Deploy.0 = Ad-Hoc|iPhone
		{D9574153-7845-488C-A07D-00650F649DA2}.Ad-Hoc|iPhoneSimulator.ActiveCfg = Ad-Hoc|iPhoneSimulator
		{D9574153-7845-488C-A07D-00650F649DA2}.Ad-Hoc|iPhoneSimulator.Build.0 = Ad-Hoc|iPhoneSimulator
		{D9574153-7845-488C-A07D-00650F649DA2}.Ad-Hoc|iPhoneSimulator.Deploy.0 = Ad-Hoc|iPhoneSimulator
		{D9574153-7845-488C-A07D-00650F649DA2}.Ad-Hoc|x64.ActiveCfg = Ad-Hoc|iPhone
		{D9574153-7845-488C-A07D-00650F649DA2}.Ad-Hoc|x64.Build.0 = Ad-Hoc|iPhone
		{D9574153-7845-488C-A07D-00650F649DA2}.Ad-Hoc|x64.Deploy.0 = Ad-Hoc|iPhone
		{D9574153-7845-488C-A07D-00650F649DA2}.Ad-Hoc|x86.ActiveCfg = Ad-Hoc|iPhone
		{D9574153-7845-488C-A07D-00650F649DA2}.Ad-Hoc|x86.Build.0 = Ad-Hoc|iPhone
		{D9574153-7845-488C-A07D-00650F649DA2}.Ad-Hoc|x86.Deploy.0 = Ad-Hoc|iPhone
		{D9574153-7845-488C-A07D-00650F649DA2}.AppStore|Any CPU.ActiveCfg = AppStore|iPhone
		{D9574153-7845-488C-A07D-00650F649DA2}.AppStore|Any CPU.Build.0 = AppStore|iPhone
		{D9574153-7845-488C-A07D-00650F649DA2}.AppStore|Any CPU.Deploy.0 = AppStore|iPhone
		{D9574153-7845-488C-A07D-00650F649DA2}.AppStore|ARM.ActiveCfg = AppStore|iPhone
		{D9574153-7845-488C-A07D-00650F649DA2}.AppStore|ARM.Build.0 = AppStore|iPhone
		{D9574153-7845-488C-A07D-00650F649DA2}.AppStore|ARM.Deploy.0 = AppStore|iPhone
		{D9574153-7845-488C-A07D-00650F649DA2}.AppStore|iPhone.ActiveCfg = AppStore|iPhone
		{D9574153-7845-488C-A07D-00650F649DA2}.AppStore|iPhone.Build.0 = AppStore|iPhone
		{D9574153-7845-488C-A07D-00650F649DA2}.AppStore|iPhone.Deploy.0 = AppStore|iPhone
		{D9574153-7845-488C-A07D-00650F649DA2}.AppStore|iPhoneSimulator.ActiveCfg = AppStore|iPhoneSimulator
		{D9574153-7845-488C-A07D-00650F649DA2}.AppStore|iPhoneSimulator.Build.0 = AppStore|iPhoneSimulator
		{D9574153-7845-488C-A07D-00650F649DA2}.AppStore|iPhoneSimulator.Deploy.0 = AppStore|iPhoneSimulator
		{D9574153-7845-488C-A07D-00650F649DA2}.AppStore|x64.ActiveCfg = AppStore|iPhone
		{D9574153-7845-488C-A07D-00650F649DA2}.AppStore|x64.Build.0 = AppStore|iPhone
		{D9574153-7845-488C-A07D-00650F649DA2}.AppStore|x64.Deploy.0 = AppStore|iPhone
		{D9574153-7845-488C-A07D-00650F649DA2}.AppStore|x86.ActiveCfg = AppStore|iPhone
		{D9574153-7845-488C-A07D-00650F649DA2}.AppStore|x86.Build.0 = AppStore|iPhone
		{D9574153-7845-488C-A07D-00650F649DA2}.AppStore|x86.Deploy.0 = AppStore|iPhone
		{D9574153-7845-488C-A07D-00650F649DA2}.Debug|Any CPU.ActiveCfg = Debug|iPhone
		{D9574153-7845-488C-A07D-00650F649DA2}.Debug|Any CPU.Build.0 = Debug|iPhone
		{D9574153-7845-488C-A07D-00650F649DA2}.Debug|Any CPU.Deploy.0 = Debug|iPhone
		{D9574153-7845-488C-A07D-00650F649DA2}.Debug|ARM.ActiveCfg = Debug|iPhone
		{D9574153-7845-488C-A07D-00650F649DA2}.Debug|ARM.Build.0 = Debug|iPhone
		{D9574153-7845-488C-A07D-00650F649DA2}.Debug|ARM.Deploy.0 = Debug|iPhone
		{D9574153-7845-488C-A07D-00650F649DA2}.Debug|iPhone.ActiveCfg = Debug|iPhone
		{D9574153-7845-488C-A07D-00650F649DA2}.Debug|iPhone.Build.0 = Debug|iPhone
		{D9574153-7845-488C-A07D-00650F649DA2}.Debug|iPhone.Deploy.0 = Debug|iPhone
		{D9574153-7845-488C-A07D-00650F649DA2}.Debug|iPhoneSimulator.ActiveCfg = Debug|iPhoneSimulator
		{D9574153-7845-488C-A07D-00650F649DA2}.Debug|iPhoneSimulator.Build.0 = Debug|iPhoneSimulator
		{D9574153-7845-488C-A07D-00650F649DA2}.Debug|iPhoneSimulator.Deploy.0 = Debug|iPhoneSimulator
		{D9574153-7845-488C-A07D-00650F649DA2}.Debug|x64.ActiveCfg = Debug|iPhone
		{D9574153-7845-488C-A07D-00650F649DA2}.Debug|x64.Build.0 = Debug|iPhone
		{D9574153-7845-488C-A07D-00650F649DA2}.Debug|x64.Deploy.0 = Debug|iPhone
		{D9574153-7845-488C-A07D-00650F649DA2}.Debug|x86.ActiveCfg = Debug|iPhoneSimulator
		{D9574153-7845-488C-A07D-00650F649DA2}.Debug|x86.Build.0 = Debug|iPhoneSimulator
		{D9574153-7845-488C-A07D-00650F649DA2}.Debug|x86.Deploy.0 = Debug|iPhoneSimulator
		{D9574153-7845-488C-A07D-00650F649DA2}.Release|Any CPU.ActiveCfg = Release|iPhone
		{D9574153-7845-488C-A07D-00650F649DA2}.Release|Any CPU.Build.0 = Release|iPhone
		{D9574153-7845-488C-A07D-00650F649DA2}.Release|Any CPU.Deploy.0 = Release|iPhone
		{D9574153-7845-488C-A07D-00650F649DA2}.Release|ARM.ActiveCfg = Release|iPhone
		{D9574153-7845-488C-A07D-00650F649DA2}.Release|ARM.Build.0 = Release|iPhone
		{D9574153-7845-488C-A07D-00650F649DA2}.Release|ARM.Deploy.0 = Release|iPhone
		{D9574153-7845-488C-A07D-00650F649DA2}.Release|iPhone.ActiveCfg = Release|iPhone
		{D9574153-7845-488C-A07D-00650F649DA2}.Release|iPhone.Build.0 = Release|iPhone
		{D9574153-7845-488C-A07D-00650F649DA2}.Release|iPhone.Deploy.0 = Release|iPhone
		{D9574153-7845-488C-A07D-00650F649DA2}.Release|iPhoneSimulator.ActiveCfg = Release|iPhoneSimulator
		{D9574153-7845-488C-A07D-00650F649DA2}.Release|iPhoneSimulator.Build.0 = Release|iPhoneSimulator
		{D9574153-7845-488C-A07D-00650F649DA2}.Release|iPhoneSimulator.Deploy.0 = Release|iPhoneSimulator
		{D9574153-7845-488C-A07D-00650F649DA2}.Release|x64.ActiveCfg = Release|iPhone
		{D9574153-7845-488C-A07D-00650F649DA2}.Release|x64.Build.0 = Release|iPhone
		{D9574153-7845-488C-A07D-00650F649DA2}.Release|x64.Deploy.0 = Release|iPhone
		{D9574153-7845-488C-A07D-00650F649DA2}.Release|x86.ActiveCfg = Release|iPhone
		{D9574153-7845-488C-A07D-00650F649DA2}.Release|x86.Build.0 = Release|iPhone
		{D9574153-7845-488C-A07D-00650F649DA2}.Release|x86.Deploy.0 = Release|iPhone
		{6D9F53E8-3E4E-4416-96DF-3BEE4CBA4CA5}.Ad-Hoc|Any CPU.ActiveCfg = Release|x86
		{6D9F53E8-3E4E-4416-96DF-3BEE4CBA4CA5}.Ad-Hoc|Any CPU.Build.0 = Release|x86
		{6D9F53E8-3E4E-4416-96DF-3BEE4CBA4CA5}.Ad-Hoc|Any CPU.Deploy.0 = Release|x86
		{6D9F53E8-3E4E-4416-96DF-3BEE4CBA4CA5}.Ad-Hoc|ARM.ActiveCfg = Release|ARM
		{6D9F53E8-3E4E-4416-96DF-3BEE4CBA4CA5}.Ad-Hoc|ARM.Build.0 = Release|ARM
		{6D9F53E8-3E4E-4416-96DF-3BEE4CBA4CA5}.Ad-Hoc|ARM.Deploy.0 = Release|ARM
		{6D9F53E8-3E4E-4416-96DF-3BEE4CBA4CA5}.Ad-Hoc|iPhone.ActiveCfg = Release|x86
		{6D9F53E8-3E4E-4416-96DF-3BEE4CBA4CA5}.Ad-Hoc|iPhone.Build.0 = Release|x86
		{6D9F53E8-3E4E-4416-96DF-3BEE4CBA4CA5}.Ad-Hoc|iPhone.Deploy.0 = Release|x86
		{6D9F53E8-3E4E-4416-96DF-3BEE4CBA4CA5}.Ad-Hoc|iPhoneSimulator.ActiveCfg = Release|x86
		{6D9F53E8-3E4E-4416-96DF-3BEE4CBA4CA5}.Ad-Hoc|iPhoneSimulator.Build.0 = Release|x86
		{6D9F53E8-3E4E-4416-96DF-3BEE4CBA4CA5}.Ad-Hoc|iPhoneSimulator.Deploy.0 = Release|x86
		{6D9F53E8-3E4E-4416-96DF-3BEE4CBA4CA5}.Ad-Hoc|x64.ActiveCfg = Release|x64
		{6D9F53E8-3E4E-4416-96DF-3BEE4CBA4CA5}.Ad-Hoc|x64.Build.0 = Release|x64
		{6D9F53E8-3E4E-4416-96DF-3BEE4CBA4CA5}.Ad-Hoc|x64.Deploy.0 = Release|x64
		{6D9F53E8-3E4E-4416-96DF-3BEE4CBA4CA5}.Ad-Hoc|x86.ActiveCfg = Release|x86
		{6D9F53E8-3E4E-4416-96DF-3BEE4CBA4CA5}.Ad-Hoc|x86.Build.0 = Release|x86
		{6D9F53E8-3E4E-4416-96DF-3BEE4CBA4CA5}.Ad-Hoc|x86.Deploy.0 = Release|x86
		{6D9F53E8-3E4E-4416-96DF-3BEE4CBA4CA5}.AppStore|Any CPU.ActiveCfg = Release|x86
		{6D9F53E8-3E4E-4416-96DF-3BEE4CBA4CA5}.AppStore|Any CPU.Build.0 = Release|x86
		{6D9F53E8-3E4E-4416-96DF-3BEE4CBA4CA5}.AppStore|Any CPU.Deploy.0 = Release|x86
		{6D9F53E8-3E4E-4416-96DF-3BEE4CBA4CA5}.AppStore|ARM.ActiveCfg = Release|ARM
		{6D9F53E8-3E4E-4416-96DF-3BEE4CBA4CA5}.AppStore|ARM.Build.0 = Release|ARM
		{6D9F53E8-3E4E-4416-96DF-3BEE4CBA4CA5}.AppStore|ARM.Deploy.0 = Release|ARM
		{6D9F53E8-3E4E-4416-96DF-3BEE4CBA4CA5}.AppStore|iPhone.ActiveCfg = Release|x86
		{6D9F53E8-3E4E-4416-96DF-3BEE4CBA4CA5}.AppStore|iPhone.Build.0 = Release|x86
		{6D9F53E8-3E4E-4416-96DF-3BEE4CBA4CA5}.AppStore|iPhone.Deploy.0 = Release|x86
		{6D9F53E8-3E4E-4416-96DF-3BEE4CBA4CA5}.AppStore|iPhoneSimulator.ActiveCfg = Release|x86
		{6D9F53E8-3E4E-4416-96DF-3BEE4CBA4CA5}.AppStore|iPhoneSimulator.Build.0 = Release|x86
		{6D9F53E8-3E4E-4416-96DF-3BEE4CBA4CA5}.AppStore|iPhoneSimulator.Deploy.0 = Release|x86
		{6D9F53E8-3E4E-4416-96DF-3BEE4CBA4CA5}.AppStore|x64.ActiveCfg = Release|x64
		{6D9F53E8-3E4E-4416-96DF-3BEE4CBA4CA5}.AppStore|x64.Build.0 = Release|x64
		{6D9F53E8-3E4E-4416-96DF-3BEE4CBA4CA5}.AppStore|x64.Deploy.0 = Release|x64
		{6D9F53E8-3E4E-4416-96DF-3BEE4CBA4CA5}.AppStore|x86.ActiveCfg = Release|x86
		{6D9F53E8-3E4E-4416-96DF-3BEE4CBA4CA5}.AppStore|x86.Build.0 = Release|x86
		{6D9F53E8-3E4E-4416-96DF-3BEE4CBA4CA5}.AppStore|x86.Deploy.0 = Release|x86
		{6D9F53E8-3E4E-4416-96DF-3BEE4CBA4CA5}.Debug|Any CPU.ActiveCfg = Debug|x86
		{6D9F53E8-3E4E-4416-96DF-3BEE4CBA4CA5}.Debug|Any CPU.Build.0 = Debug|x86
		{6D9F53E8-3E4E-4416-96DF-3BEE4CBA4CA5}.Debug|Any CPU.Deploy.0 = Debug|x86
		{6D9F53E8-3E4E-4416-96DF-3BEE4CBA4CA5}.Debug|ARM.ActiveCfg = Debug|ARM
		{6D9F53E8-3E4E-4416-96DF-3BEE4CBA4CA5}.Debug|ARM.Build.0 = Debug|ARM
		{6D9F53E8-3E4E-4416-96DF-3BEE4CBA4CA5}.Debug|ARM.Deploy.0 = Debug|ARM
		{6D9F53E8-3E4E-4416-96DF-3BEE4CBA4CA5}.Debug|iPhone.ActiveCfg = Debug|x86
		{6D9F53E8-3E4E-4416-96DF-3BEE4CBA4CA5}.Debug|iPhone.Build.0 = Debug|x86
		{6D9F53E8-3E4E-4416-96DF-3BEE4CBA4CA5}.Debug|iPhone.Deploy.0 = Debug|x86
		{6D9F53E8-3E4E-4416-96DF-3BEE4CBA4CA5}.Debug|iPhoneSimulator.ActiveCfg = Debug|x86
		{6D9F53E8-3E4E-4416-96DF-3BEE4CBA4CA5}.Debug|iPhoneSimulator.Build.0 = Debug|x86
		{6D9F53E8-3E4E-4416-96DF-3BEE4CBA4CA5}.Debug|iPhoneSimulator.Deploy.0 = Debug|x86
		{6D9F53E8-3E4E-4416-96DF-3BEE4CBA4CA5}.Debug|x64.ActiveCfg = Debug|x64
		{6D9F53E8-3E4E-4416-96DF-3BEE4CBA4CA5}.Debug|x64.Build.0 = Debug|x64
		{6D9F53E8-3E4E-4416-96DF-3BEE4CBA4CA5}.Debug|x64.Deploy.0 = Debug|x64
		{6D9F53E8-3E4E-4416-96DF-3BEE4CBA4CA5}.Debug|x86.ActiveCfg = Debug|x86
		{6D9F53E8-3E4E-4416-96DF-3BEE4CBA4CA5}.Debug|x86.Build.0 = Debug|x86
		{6D9F53E8-3E4E-4416-96DF-3BEE4CBA4CA5}.Debug|x86.Deploy.0 = Debug|x86
		{6D9F53E8-3E4E-4416-96DF-3BEE4CBA4CA5}.Release|Any CPU.ActiveCfg = Release|x86
		{6D9F53E8-3E4E-4416-96DF-3BEE4CBA4CA5}.Release|Any CPU.Build.0 = Release|x86
		{6D9F53E8-3E4E-4416-96DF-3BEE4CBA4CA5}.Release|Any CPU.Deploy.0 = Release|x86
		{6D9F53E8-3E4E-4416-96DF-3BEE4CBA4CA5}.Release|ARM.ActiveCfg = Release|ARM
		{6D9F53E8-3E4E-4416-96DF-3BEE4CBA4CA5}.Release|ARM.Build.0 = Release|ARM
		{6D9F53E8-3E4E-4416-96DF-3BEE4CBA4CA5}.Release|ARM.Deploy.0 = Release|ARM
		{6D9F53E8-3E4E-4416-96DF-3BEE4CBA4CA5}.Release|iPhone.ActiveCfg = Release|x86
		{6D9F53E8-3E4E-4416-96DF-3BEE4CBA4CA5}.Release|iPhone.Build.0 = Release|x86
		{6D9F53E8-3E4E-4416-96DF-3BEE4CBA4CA5}.Release|iPhone.Deploy.0 = Release|x86
		{6D9F53E8-3E4E-4416-96DF-3BEE4CBA4CA5}.Release|iPhoneSimulator.ActiveCfg = Release|x86
		{6D9F53E8-3E4E-4416-96DF-3BEE4CBA4CA5}.Release|iPhoneSimulator.Build.0 = Release|x86
		{6D9F53E8-3E4E-4416-96DF-3BEE4CBA4CA5}.Release|iPhoneSimulator.Deploy.0 = Release|x86
		{6D9F53E8-3E4E-4416-96DF-3BEE4CBA4CA5}.Release|x64.ActiveCfg = Release|x64
		{6D9F53E8-3E4E-4416-96DF-3BEE4CBA4CA5}.Release|x64.Build.0 = Release|x64
		{6D9F53E8-3E4E-4416-96DF-3BEE4CBA4CA5}.Release|x64.Deploy.0 = Release|x64
		{6D9F53E8-3E4E-4416-96DF-3BEE4CBA4CA5}.Release|x86.ActiveCfg = Release|x86
		{6D9F53E8-3E4E-4416-96DF-3BEE4CBA4CA5}.Release|x86.Build.0 = Release|x86
		{6D9F53E8-3E4E-4416-96DF-3BEE4CBA4CA5}.Release|x86.Deploy.0 = Release|x86
		{8D75620A-0D9C-4454-A718-7B2D64BC2EC8}.Ad-Hoc|Any CPU.ActiveCfg = Debug|Any CPU
		{8D75620A-0D9C-4454-A718-7B2D64BC2EC8}.Ad-Hoc|Any CPU.Build.0 = Debug|Any CPU
		{8D75620A-0D9C-4454-A718-7B2D64BC2EC8}.Ad-Hoc|Any CPU.Deploy.0 = Debug|Any CPU
		{8D75620A-0D9C-4454-A718-7B2D64BC2EC8}.Ad-Hoc|ARM.ActiveCfg = Debug|Any CPU
		{8D75620A-0D9C-4454-A718-7B2D64BC2EC8}.Ad-Hoc|ARM.Build.0 = Debug|Any CPU
		{8D75620A-0D9C-4454-A718-7B2D64BC2EC8}.Ad-Hoc|ARM.Deploy.0 = Debug|Any CPU
		{8D75620A-0D9C-4454-A718-7B2D64BC2EC8}.Ad-Hoc|iPhone.ActiveCfg = Debug|Any CPU
		{8D75620A-0D9C-4454-A718-7B2D64BC2EC8}.Ad-Hoc|iPhone.Build.0 = Debug|Any CPU
		{8D75620A-0D9C-4454-A718-7B2D64BC2EC8}.Ad-Hoc|iPhone.Deploy.0 = Debug|Any CPU
		{8D75620A-0D9C-4454-A718-7B2D64BC2EC8}.Ad-Hoc|iPhoneSimulator.ActiveCfg = Debug|Any CPU
		{8D75620A-0D9C-4454-A718-7B2D64BC2EC8}.Ad-Hoc|iPhoneSimulator.Build.0 = Debug|Any CPU
		{8D75620A-0D9C-4454-A718-7B2D64BC2EC8}.Ad-Hoc|iPhoneSimulator.Deploy.0 = Debug|Any CPU
		{8D75620A-0D9C-4454-A718-7B2D64BC2EC8}.Ad-Hoc|x64.ActiveCfg = Debug|Any CPU
		{8D75620A-0D9C-4454-A718-7B2D64BC2EC8}.Ad-Hoc|x64.Build.0 = Debug|Any CPU
		{8D75620A-0D9C-4454-A718-7B2D64BC2EC8}.Ad-Hoc|x64.Deploy.0 = Debug|Any CPU
		{8D75620A-0D9C-4454-A718-7B2D64BC2EC8}.Ad-Hoc|x86.ActiveCfg = Debug|Any CPU
		{8D75620A-0D9C-4454-A718-7B2D64BC2EC8}.Ad-Hoc|x86.Build.0 = Debug|Any CPU
		{8D75620A-0D9C-4454-A718-7B2D64BC2EC8}.Ad-Hoc|x86.Deploy.0 = Debug|Any CPU
		{8D75620A-0D9C-4454-A718-7B2D64BC2EC8}.AppStore|Any CPU.ActiveCfg = Debug|Any CPU
		{8D75620A-0D9C-4454-A718-7B2D64BC2EC8}.AppStore|Any CPU.Build.0 = Debug|Any CPU
		{8D75620A-0D9C-4454-A718-7B2D64BC2EC8}.AppStore|Any CPU.Deploy.0 = Debug|Any CPU
		{8D75620A-0D9C-4454-A718-7B2D64BC2EC8}.AppStore|ARM.ActiveCfg = Debug|Any CPU
		{8D75620A-0D9C-4454-A718-7B2D64BC2EC8}.AppStore|ARM.Build.0 = Debug|Any CPU
		{8D75620A-0D9C-4454-A718-7B2D64BC2EC8}.AppStore|ARM.Deploy.0 = Debug|Any CPU
		{8D75620A-0D9C-4454-A718-7B2D64BC2EC8}.AppStore|iPhone.ActiveCfg = Debug|Any CPU
		{8D75620A-0D9C-4454-A718-7B2D64BC2EC8}.AppStore|iPhone.Build.0 = Debug|Any CPU
		{8D75620A-0D9C-4454-A718-7B2D64BC2EC8}.AppStore|iPhone.Deploy.0 = Debug|Any CPU
		{8D75620A-0D9C-4454-A718-7B2D64BC2EC8}.AppStore|iPhoneSimulator.ActiveCfg = Debug|Any CPU
		{8D75620A-0D9C-4454-A718-7B2D64BC2EC8}.AppStore|iPhoneSimulator.Build.0 = Debug|Any CPU
		{8D75620A-0D9C-4454-A718-7B2D64BC2EC8}.AppStore|iPhoneSimulator.Deploy.0 = Debug|Any CPU
		{8D75620A-0D9C-4454-A718-7B2D64BC2EC8}.AppStore|x64.ActiveCfg = Debug|Any CPU
		{8D75620A-0D9C-4454-A718-7B2D64BC2EC8}.AppStore|x64.Build.0 = Debug|Any CPU
		{8D75620A-0D9C-4454-A718-7B2D64BC2EC8}.AppStore|x64.Deploy.0 = Debug|Any CPU
		{8D75620A-0D9C-4454-A718-7B2D64BC2EC8}.AppStore|x86.ActiveCfg = Debug|Any CPU
		{8D75620A-0D9C-4454-A718-7B2D64BC2EC8}.AppStore|x86.Build.0 = Debug|Any CPU
		{8D75620A-0D9C-4454-A718-7B2D64BC2EC8}.AppStore|x86.Deploy.0 = Debug|Any CPU
		{8D75620A-0D9C-4454-A718-7B2D64BC2EC8}.Debug|Any CPU.ActiveCfg = Debug|Any CPU
		{8D75620A-0D9C-4454-A718-7B2D64BC2EC8}.Debug|Any CPU.Build.0 = Debug|Any CPU
		{8D75620A-0D9C-4454-A718-7B2D64BC2EC8}.Debug|Any CPU.Deploy.0 = Debug|Any CPU
		{8D75620A-0D9C-4454-A718-7B2D64BC2EC8}.Debug|ARM.ActiveCfg = Debug|Any CPU
		{8D75620A-0D9C-4454-A718-7B2D64BC2EC8}.Debug|ARM.Build.0 = Debug|Any CPU
		{8D75620A-0D9C-4454-A718-7B2D64BC2EC8}.Debug|ARM.Deploy.0 = Debug|Any CPU
		{8D75620A-0D9C-4454-A718-7B2D64BC2EC8}.Debug|iPhone.ActiveCfg = Debug|Any CPU
		{8D75620A-0D9C-4454-A718-7B2D64BC2EC8}.Debug|iPhone.Build.0 = Debug|Any CPU
		{8D75620A-0D9C-4454-A718-7B2D64BC2EC8}.Debug|iPhone.Deploy.0 = Debug|Any CPU
		{8D75620A-0D9C-4454-A718-7B2D64BC2EC8}.Debug|iPhoneSimulator.ActiveCfg = Debug|Any CPU
		{8D75620A-0D9C-4454-A718-7B2D64BC2EC8}.Debug|iPhoneSimulator.Build.0 = Debug|Any CPU
		{8D75620A-0D9C-4454-A718-7B2D64BC2EC8}.Debug|iPhoneSimulator.Deploy.0 = Debug|Any CPU
		{8D75620A-0D9C-4454-A718-7B2D64BC2EC8}.Debug|x64.ActiveCfg = Debug|Any CPU
		{8D75620A-0D9C-4454-A718-7B2D64BC2EC8}.Debug|x64.Build.0 = Debug|Any CPU
		{8D75620A-0D9C-4454-A718-7B2D64BC2EC8}.Debug|x64.Deploy.0 = Debug|Any CPU
		{8D75620A-0D9C-4454-A718-7B2D64BC2EC8}.Debug|x86.ActiveCfg = Debug|Any CPU
		{8D75620A-0D9C-4454-A718-7B2D64BC2EC8}.Debug|x86.Build.0 = Debug|Any CPU
		{8D75620A-0D9C-4454-A718-7B2D64BC2EC8}.Debug|x86.Deploy.0 = Debug|Any CPU
		{8D75620A-0D9C-4454-A718-7B2D64BC2EC8}.Release|Any CPU.ActiveCfg = Release|Any CPU
		{8D75620A-0D9C-4454-A718-7B2D64BC2EC8}.Release|Any CPU.Build.0 = Release|Any CPU
		{8D75620A-0D9C-4454-A718-7B2D64BC2EC8}.Release|Any CPU.Deploy.0 = Release|Any CPU
		{8D75620A-0D9C-4454-A718-7B2D64BC2EC8}.Release|ARM.ActiveCfg = Release|Any CPU
		{8D75620A-0D9C-4454-A718-7B2D64BC2EC8}.Release|ARM.Build.0 = Release|Any CPU
		{8D75620A-0D9C-4454-A718-7B2D64BC2EC8}.Release|ARM.Deploy.0 = Release|Any CPU
		{8D75620A-0D9C-4454-A718-7B2D64BC2EC8}.Release|iPhone.ActiveCfg = Release|Any CPU
		{8D75620A-0D9C-4454-A718-7B2D64BC2EC8}.Release|iPhone.Build.0 = Release|Any CPU
		{8D75620A-0D9C-4454-A718-7B2D64BC2EC8}.Release|iPhone.Deploy.0 = Release|Any CPU
		{8D75620A-0D9C-4454-A718-7B2D64BC2EC8}.Release|iPhoneSimulator.ActiveCfg = Release|Any CPU
		{8D75620A-0D9C-4454-A718-7B2D64BC2EC8}.Release|iPhoneSimulator.Build.0 = Release|Any CPU
		{8D75620A-0D9C-4454-A718-7B2D64BC2EC8}.Release|iPhoneSimulator.Deploy.0 = Release|Any CPU
		{8D75620A-0D9C-4454-A718-7B2D64BC2EC8}.Release|x64.ActiveCfg = Release|Any CPU
		{8D75620A-0D9C-4454-A718-7B2D64BC2EC8}.Release|x64.Build.0 = Release|Any CPU
		{8D75620A-0D9C-4454-A718-7B2D64BC2EC8}.Release|x64.Deploy.0 = Release|Any CPU
		{8D75620A-0D9C-4454-A718-7B2D64BC2EC8}.Release|x86.ActiveCfg = Release|Any CPU
		{8D75620A-0D9C-4454-A718-7B2D64BC2EC8}.Release|x86.Build.0 = Release|Any CPU
		{8D75620A-0D9C-4454-A718-7B2D64BC2EC8}.Release|x86.Deploy.0 = Release|Any CPU
		{CFE8A430-F807-49B3-BA74-21971F9FE568}.Ad-Hoc|Any CPU.ActiveCfg = Release|Any CPU
		{CFE8A430-F807-49B3-BA74-21971F9FE568}.Ad-Hoc|Any CPU.Build.0 = Release|Any CPU
		{CFE8A430-F807-49B3-BA74-21971F9FE568}.Ad-Hoc|ARM.ActiveCfg = Release|Any CPU
		{CFE8A430-F807-49B3-BA74-21971F9FE568}.Ad-Hoc|ARM.Build.0 = Release|Any CPU
		{CFE8A430-F807-49B3-BA74-21971F9FE568}.Ad-Hoc|iPhone.ActiveCfg = Release|Any CPU
		{CFE8A430-F807-49B3-BA74-21971F9FE568}.Ad-Hoc|iPhone.Build.0 = Release|Any CPU
		{CFE8A430-F807-49B3-BA74-21971F9FE568}.Ad-Hoc|iPhoneSimulator.ActiveCfg = Release|Any CPU
		{CFE8A430-F807-49B3-BA74-21971F9FE568}.Ad-Hoc|iPhoneSimulator.Build.0 = Release|Any CPU
		{CFE8A430-F807-49B3-BA74-21971F9FE568}.Ad-Hoc|x64.ActiveCfg = Release|Any CPU
		{CFE8A430-F807-49B3-BA74-21971F9FE568}.Ad-Hoc|x64.Build.0 = Release|Any CPU
		{CFE8A430-F807-49B3-BA74-21971F9FE568}.Ad-Hoc|x86.ActiveCfg = Release|Any CPU
		{CFE8A430-F807-49B3-BA74-21971F9FE568}.Ad-Hoc|x86.Build.0 = Release|Any CPU
		{CFE8A430-F807-49B3-BA74-21971F9FE568}.AppStore|Any CPU.ActiveCfg = Release|Any CPU
		{CFE8A430-F807-49B3-BA74-21971F9FE568}.AppStore|Any CPU.Build.0 = Release|Any CPU
		{CFE8A430-F807-49B3-BA74-21971F9FE568}.AppStore|ARM.ActiveCfg = Release|Any CPU
		{CFE8A430-F807-49B3-BA74-21971F9FE568}.AppStore|ARM.Build.0 = Release|Any CPU
		{CFE8A430-F807-49B3-BA74-21971F9FE568}.AppStore|iPhone.ActiveCfg = Release|Any CPU
		{CFE8A430-F807-49B3-BA74-21971F9FE568}.AppStore|iPhone.Build.0 = Release|Any CPU
		{CFE8A430-F807-49B3-BA74-21971F9FE568}.AppStore|iPhoneSimulator.ActiveCfg = Release|Any CPU
		{CFE8A430-F807-49B3-BA74-21971F9FE568}.AppStore|iPhoneSimulator.Build.0 = Release|Any CPU
		{CFE8A430-F807-49B3-BA74-21971F9FE568}.AppStore|x64.ActiveCfg = Release|Any CPU
		{CFE8A430-F807-49B3-BA74-21971F9FE568}.AppStore|x64.Build.0 = Release|Any CPU
		{CFE8A430-F807-49B3-BA74-21971F9FE568}.AppStore|x86.ActiveCfg = Release|Any CPU
		{CFE8A430-F807-49B3-BA74-21971F9FE568}.AppStore|x86.Build.0 = Release|Any CPU
		{CFE8A430-F807-49B3-BA74-21971F9FE568}.Debug|Any CPU.ActiveCfg = Debug|Any CPU
		{CFE8A430-F807-49B3-BA74-21971F9FE568}.Debug|Any CPU.Build.0 = Debug|Any CPU
		{CFE8A430-F807-49B3-BA74-21971F9FE568}.Debug|ARM.ActiveCfg = Debug|Any CPU
		{CFE8A430-F807-49B3-BA74-21971F9FE568}.Debug|ARM.Build.0 = Debug|Any CPU
		{CFE8A430-F807-49B3-BA74-21971F9FE568}.Debug|iPhone.ActiveCfg = Debug|Any CPU
		{CFE8A430-F807-49B3-BA74-21971F9FE568}.Debug|iPhone.Build.0 = Debug|Any CPU
		{CFE8A430-F807-49B3-BA74-21971F9FE568}.Debug|iPhoneSimulator.ActiveCfg = Debug|Any CPU
		{CFE8A430-F807-49B3-BA74-21971F9FE568}.Debug|iPhoneSimulator.Build.0 = Debug|Any CPU
		{CFE8A430-F807-49B3-BA74-21971F9FE568}.Debug|x64.ActiveCfg = Debug|Any CPU
		{CFE8A430-F807-49B3-BA74-21971F9FE568}.Debug|x64.Build.0 = Debug|Any CPU
		{CFE8A430-F807-49B3-BA74-21971F9FE568}.Debug|x86.ActiveCfg = Debug|Any CPU
		{CFE8A430-F807-49B3-BA74-21971F9FE568}.Debug|x86.Build.0 = Debug|Any CPU
		{CFE8A430-F807-49B3-BA74-21971F9FE568}.Release|Any CPU.ActiveCfg = Release|Any CPU
		{CFE8A430-F807-49B3-BA74-21971F9FE568}.Release|Any CPU.Build.0 = Release|Any CPU
		{CFE8A430-F807-49B3-BA74-21971F9FE568}.Release|ARM.ActiveCfg = Release|Any CPU
		{CFE8A430-F807-49B3-BA74-21971F9FE568}.Release|ARM.Build.0 = Release|Any CPU
		{CFE8A430-F807-49B3-BA74-21971F9FE568}.Release|iPhone.ActiveCfg = Release|Any CPU
		{CFE8A430-F807-49B3-BA74-21971F9FE568}.Release|iPhone.Build.0 = Release|Any CPU
		{CFE8A430-F807-49B3-BA74-21971F9FE568}.Release|iPhoneSimulator.ActiveCfg = Release|Any CPU
		{CFE8A430-F807-49B3-BA74-21971F9FE568}.Release|iPhoneSimulator.Build.0 = Release|Any CPU
		{CFE8A430-F807-49B3-BA74-21971F9FE568}.Release|x64.ActiveCfg = Release|Any CPU
		{CFE8A430-F807-49B3-BA74-21971F9FE568}.Release|x64.Build.0 = Release|Any CPU
		{CFE8A430-F807-49B3-BA74-21971F9FE568}.Release|x86.ActiveCfg = Release|Any CPU
		{CFE8A430-F807-49B3-BA74-21971F9FE568}.Release|x86.Build.0 = Release|Any CPU
		{91752827-D00D-4817-8297-87FF098E52FD}.Ad-Hoc|Any CPU.ActiveCfg = Release|Any CPU
		{91752827-D00D-4817-8297-87FF098E52FD}.Ad-Hoc|Any CPU.Build.0 = Release|Any CPU
		{91752827-D00D-4817-8297-87FF098E52FD}.Ad-Hoc|ARM.ActiveCfg = Release|Any CPU
		{91752827-D00D-4817-8297-87FF098E52FD}.Ad-Hoc|ARM.Build.0 = Release|Any CPU
		{91752827-D00D-4817-8297-87FF098E52FD}.Ad-Hoc|iPhone.ActiveCfg = Release|Any CPU
		{91752827-D00D-4817-8297-87FF098E52FD}.Ad-Hoc|iPhone.Build.0 = Release|Any CPU
		{91752827-D00D-4817-8297-87FF098E52FD}.Ad-Hoc|iPhoneSimulator.ActiveCfg = Release|Any CPU
		{91752827-D00D-4817-8297-87FF098E52FD}.Ad-Hoc|iPhoneSimulator.Build.0 = Release|Any CPU
		{91752827-D00D-4817-8297-87FF098E52FD}.Ad-Hoc|x64.ActiveCfg = Release|Any CPU
		{91752827-D00D-4817-8297-87FF098E52FD}.Ad-Hoc|x64.Build.0 = Release|Any CPU
		{91752827-D00D-4817-8297-87FF098E52FD}.Ad-Hoc|x86.ActiveCfg = Release|Any CPU
		{91752827-D00D-4817-8297-87FF098E52FD}.Ad-Hoc|x86.Build.0 = Release|Any CPU
		{91752827-D00D-4817-8297-87FF098E52FD}.AppStore|Any CPU.ActiveCfg = Release|Any CPU
		{91752827-D00D-4817-8297-87FF098E52FD}.AppStore|Any CPU.Build.0 = Release|Any CPU
		{91752827-D00D-4817-8297-87FF098E52FD}.AppStore|ARM.ActiveCfg = Release|Any CPU
		{91752827-D00D-4817-8297-87FF098E52FD}.AppStore|ARM.Build.0 = Release|Any CPU
		{91752827-D00D-4817-8297-87FF098E52FD}.AppStore|iPhone.ActiveCfg = Release|Any CPU
		{91752827-D00D-4817-8297-87FF098E52FD}.AppStore|iPhone.Build.0 = Release|Any CPU
		{91752827-D00D-4817-8297-87FF098E52FD}.AppStore|iPhoneSimulator.ActiveCfg = Release|Any CPU
		{91752827-D00D-4817-8297-87FF098E52FD}.AppStore|iPhoneSimulator.Build.0 = Release|Any CPU
		{91752827-D00D-4817-8297-87FF098E52FD}.AppStore|x64.ActiveCfg = Release|Any CPU
		{91752827-D00D-4817-8297-87FF098E52FD}.AppStore|x64.Build.0 = Release|Any CPU
		{91752827-D00D-4817-8297-87FF098E52FD}.AppStore|x86.ActiveCfg = Release|Any CPU
		{91752827-D00D-4817-8297-87FF098E52FD}.AppStore|x86.Build.0 = Release|Any CPU
		{91752827-D00D-4817-8297-87FF098E52FD}.Debug|Any CPU.ActiveCfg = Debug|Any CPU
		{91752827-D00D-4817-8297-87FF098E52FD}.Debug|Any CPU.Build.0 = Debug|Any CPU
		{91752827-D00D-4817-8297-87FF098E52FD}.Debug|ARM.ActiveCfg = Debug|Any CPU
		{91752827-D00D-4817-8297-87FF098E52FD}.Debug|ARM.Build.0 = Debug|Any CPU
		{91752827-D00D-4817-8297-87FF098E52FD}.Debug|iPhone.ActiveCfg = Debug|Any CPU
		{91752827-D00D-4817-8297-87FF098E52FD}.Debug|iPhone.Build.0 = Debug|Any CPU
		{91752827-D00D-4817-8297-87FF098E52FD}.Debug|iPhoneSimulator.ActiveCfg = Debug|Any CPU
		{91752827-D00D-4817-8297-87FF098E52FD}.Debug|iPhoneSimulator.Build.0 = Debug|Any CPU
		{91752827-D00D-4817-8297-87FF098E52FD}.Debug|x64.ActiveCfg = Debug|Any CPU
		{91752827-D00D-4817-8297-87FF098E52FD}.Debug|x64.Build.0 = Debug|Any CPU
		{91752827-D00D-4817-8297-87FF098E52FD}.Debug|x86.ActiveCfg = Debug|Any CPU
		{91752827-D00D-4817-8297-87FF098E52FD}.Debug|x86.Build.0 = Debug|Any CPU
		{91752827-D00D-4817-8297-87FF098E52FD}.Release|Any CPU.ActiveCfg = Release|Any CPU
		{91752827-D00D-4817-8297-87FF098E52FD}.Release|Any CPU.Build.0 = Release|Any CPU
		{91752827-D00D-4817-8297-87FF098E52FD}.Release|ARM.ActiveCfg = Release|Any CPU
		{91752827-D00D-4817-8297-87FF098E52FD}.Release|ARM.Build.0 = Release|Any CPU
		{91752827-D00D-4817-8297-87FF098E52FD}.Release|iPhone.ActiveCfg = Release|Any CPU
		{91752827-D00D-4817-8297-87FF098E52FD}.Release|iPhone.Build.0 = Release|Any CPU
		{91752827-D00D-4817-8297-87FF098E52FD}.Release|iPhoneSimulator.ActiveCfg = Release|Any CPU
		{91752827-D00D-4817-8297-87FF098E52FD}.Release|iPhoneSimulator.Build.0 = Release|Any CPU
		{91752827-D00D-4817-8297-87FF098E52FD}.Release|x64.ActiveCfg = Release|Any CPU
		{91752827-D00D-4817-8297-87FF098E52FD}.Release|x64.Build.0 = Release|Any CPU
		{91752827-D00D-4817-8297-87FF098E52FD}.Release|x86.ActiveCfg = Release|Any CPU
		{91752827-D00D-4817-8297-87FF098E52FD}.Release|x86.Build.0 = Release|Any CPU
		{1CE2C8C4-B35A-45A2-BA3F-AE1A2A7BCF56}.Ad-Hoc|Any CPU.ActiveCfg = Release|Any CPU
		{1CE2C8C4-B35A-45A2-BA3F-AE1A2A7BCF56}.Ad-Hoc|Any CPU.Build.0 = Release|Any CPU
		{1CE2C8C4-B35A-45A2-BA3F-AE1A2A7BCF56}.Ad-Hoc|ARM.ActiveCfg = Release|Any CPU
		{1CE2C8C4-B35A-45A2-BA3F-AE1A2A7BCF56}.Ad-Hoc|ARM.Build.0 = Release|Any CPU
		{1CE2C8C4-B35A-45A2-BA3F-AE1A2A7BCF56}.Ad-Hoc|iPhone.ActiveCfg = Release|Any CPU
		{1CE2C8C4-B35A-45A2-BA3F-AE1A2A7BCF56}.Ad-Hoc|iPhone.Build.0 = Release|Any CPU
		{1CE2C8C4-B35A-45A2-BA3F-AE1A2A7BCF56}.Ad-Hoc|iPhoneSimulator.ActiveCfg = Release|Any CPU
		{1CE2C8C4-B35A-45A2-BA3F-AE1A2A7BCF56}.Ad-Hoc|iPhoneSimulator.Build.0 = Release|Any CPU
		{1CE2C8C4-B35A-45A2-BA3F-AE1A2A7BCF56}.Ad-Hoc|x64.ActiveCfg = Release|Any CPU
		{1CE2C8C4-B35A-45A2-BA3F-AE1A2A7BCF56}.Ad-Hoc|x64.Build.0 = Release|Any CPU
		{1CE2C8C4-B35A-45A2-BA3F-AE1A2A7BCF56}.Ad-Hoc|x86.ActiveCfg = Release|Any CPU
		{1CE2C8C4-B35A-45A2-BA3F-AE1A2A7BCF56}.Ad-Hoc|x86.Build.0 = Release|Any CPU
		{1CE2C8C4-B35A-45A2-BA3F-AE1A2A7BCF56}.AppStore|Any CPU.ActiveCfg = Release|Any CPU
		{1CE2C8C4-B35A-45A2-BA3F-AE1A2A7BCF56}.AppStore|Any CPU.Build.0 = Release|Any CPU
		{1CE2C8C4-B35A-45A2-BA3F-AE1A2A7BCF56}.AppStore|ARM.ActiveCfg = Release|Any CPU
		{1CE2C8C4-B35A-45A2-BA3F-AE1A2A7BCF56}.AppStore|ARM.Build.0 = Release|Any CPU
		{1CE2C8C4-B35A-45A2-BA3F-AE1A2A7BCF56}.AppStore|iPhone.ActiveCfg = Release|Any CPU
		{1CE2C8C4-B35A-45A2-BA3F-AE1A2A7BCF56}.AppStore|iPhone.Build.0 = Release|Any CPU
		{1CE2C8C4-B35A-45A2-BA3F-AE1A2A7BCF56}.AppStore|iPhoneSimulator.ActiveCfg = Release|Any CPU
		{1CE2C8C4-B35A-45A2-BA3F-AE1A2A7BCF56}.AppStore|iPhoneSimulator.Build.0 = Release|Any CPU
		{1CE2C8C4-B35A-45A2-BA3F-AE1A2A7BCF56}.AppStore|x64.ActiveCfg = Release|Any CPU
		{1CE2C8C4-B35A-45A2-BA3F-AE1A2A7BCF56}.AppStore|x64.Build.0 = Release|Any CPU
		{1CE2C8C4-B35A-45A2-BA3F-AE1A2A7BCF56}.AppStore|x86.ActiveCfg = Release|Any CPU
		{1CE2C8C4-B35A-45A2-BA3F-AE1A2A7BCF56}.AppStore|x86.Build.0 = Release|Any CPU
		{1CE2C8C4-B35A-45A2-BA3F-AE1A2A7BCF56}.Debug|Any CPU.ActiveCfg = Debug|Any CPU
		{1CE2C8C4-B35A-45A2-BA3F-AE1A2A7BCF56}.Debug|Any CPU.Build.0 = Debug|Any CPU
		{1CE2C8C4-B35A-45A2-BA3F-AE1A2A7BCF56}.Debug|ARM.ActiveCfg = Debug|Any CPU
		{1CE2C8C4-B35A-45A2-BA3F-AE1A2A7BCF56}.Debug|ARM.Build.0 = Debug|Any CPU
		{1CE2C8C4-B35A-45A2-BA3F-AE1A2A7BCF56}.Debug|iPhone.ActiveCfg = Debug|Any CPU
		{1CE2C8C4-B35A-45A2-BA3F-AE1A2A7BCF56}.Debug|iPhone.Build.0 = Debug|Any CPU
		{1CE2C8C4-B35A-45A2-BA3F-AE1A2A7BCF56}.Debug|iPhoneSimulator.ActiveCfg = Debug|Any CPU
		{1CE2C8C4-B35A-45A2-BA3F-AE1A2A7BCF56}.Debug|iPhoneSimulator.Build.0 = Debug|Any CPU
		{1CE2C8C4-B35A-45A2-BA3F-AE1A2A7BCF56}.Debug|x64.ActiveCfg = Debug|Any CPU
		{1CE2C8C4-B35A-45A2-BA3F-AE1A2A7BCF56}.Debug|x64.Build.0 = Debug|Any CPU
		{1CE2C8C4-B35A-45A2-BA3F-AE1A2A7BCF56}.Debug|x86.ActiveCfg = Debug|Any CPU
		{1CE2C8C4-B35A-45A2-BA3F-AE1A2A7BCF56}.Debug|x86.Build.0 = Debug|Any CPU
		{1CE2C8C4-B35A-45A2-BA3F-AE1A2A7BCF56}.Release|Any CPU.ActiveCfg = Release|Any CPU
		{1CE2C8C4-B35A-45A2-BA3F-AE1A2A7BCF56}.Release|Any CPU.Build.0 = Release|Any CPU
		{1CE2C8C4-B35A-45A2-BA3F-AE1A2A7BCF56}.Release|ARM.ActiveCfg = Release|Any CPU
		{1CE2C8C4-B35A-45A2-BA3F-AE1A2A7BCF56}.Release|ARM.Build.0 = Release|Any CPU
		{1CE2C8C4-B35A-45A2-BA3F-AE1A2A7BCF56}.Release|iPhone.ActiveCfg = Release|Any CPU
		{1CE2C8C4-B35A-45A2-BA3F-AE1A2A7BCF56}.Release|iPhone.Build.0 = Release|Any CPU
		{1CE2C8C4-B35A-45A2-BA3F-AE1A2A7BCF56}.Release|iPhoneSimulator.ActiveCfg = Release|Any CPU
		{1CE2C8C4-B35A-45A2-BA3F-AE1A2A7BCF56}.Release|iPhoneSimulator.Build.0 = Release|Any CPU
		{1CE2C8C4-B35A-45A2-BA3F-AE1A2A7BCF56}.Release|x64.ActiveCfg = Release|Any CPU
		{1CE2C8C4-B35A-45A2-BA3F-AE1A2A7BCF56}.Release|x64.Build.0 = Release|Any CPU
		{1CE2C8C4-B35A-45A2-BA3F-AE1A2A7BCF56}.Release|x86.ActiveCfg = Release|Any CPU
		{1CE2C8C4-B35A-45A2-BA3F-AE1A2A7BCF56}.Release|x86.Build.0 = Release|Any CPU
		{E7045BF0-418B-4DFB-B4AF-207966EED152}.Ad-Hoc|Any CPU.ActiveCfg = Release|Any CPU
		{E7045BF0-418B-4DFB-B4AF-207966EED152}.Ad-Hoc|Any CPU.Build.0 = Release|Any CPU
		{E7045BF0-418B-4DFB-B4AF-207966EED152}.Ad-Hoc|ARM.ActiveCfg = Release|Any CPU
		{E7045BF0-418B-4DFB-B4AF-207966EED152}.Ad-Hoc|ARM.Build.0 = Release|Any CPU
		{E7045BF0-418B-4DFB-B4AF-207966EED152}.Ad-Hoc|iPhone.ActiveCfg = Release|Any CPU
		{E7045BF0-418B-4DFB-B4AF-207966EED152}.Ad-Hoc|iPhone.Build.0 = Release|Any CPU
		{E7045BF0-418B-4DFB-B4AF-207966EED152}.Ad-Hoc|iPhoneSimulator.ActiveCfg = Release|Any CPU
		{E7045BF0-418B-4DFB-B4AF-207966EED152}.Ad-Hoc|iPhoneSimulator.Build.0 = Release|Any CPU
		{E7045BF0-418B-4DFB-B4AF-207966EED152}.Ad-Hoc|x64.ActiveCfg = Release|Any CPU
		{E7045BF0-418B-4DFB-B4AF-207966EED152}.Ad-Hoc|x64.Build.0 = Release|Any CPU
		{E7045BF0-418B-4DFB-B4AF-207966EED152}.Ad-Hoc|x86.ActiveCfg = Release|Any CPU
		{E7045BF0-418B-4DFB-B4AF-207966EED152}.Ad-Hoc|x86.Build.0 = Release|Any CPU
		{E7045BF0-418B-4DFB-B4AF-207966EED152}.AppStore|Any CPU.ActiveCfg = Release|Any CPU
		{E7045BF0-418B-4DFB-B4AF-207966EED152}.AppStore|Any CPU.Build.0 = Release|Any CPU
		{E7045BF0-418B-4DFB-B4AF-207966EED152}.AppStore|ARM.ActiveCfg = Release|Any CPU
		{E7045BF0-418B-4DFB-B4AF-207966EED152}.AppStore|ARM.Build.0 = Release|Any CPU
		{E7045BF0-418B-4DFB-B4AF-207966EED152}.AppStore|iPhone.ActiveCfg = Release|Any CPU
		{E7045BF0-418B-4DFB-B4AF-207966EED152}.AppStore|iPhone.Build.0 = Release|Any CPU
		{E7045BF0-418B-4DFB-B4AF-207966EED152}.AppStore|iPhoneSimulator.ActiveCfg = Release|Any CPU
		{E7045BF0-418B-4DFB-B4AF-207966EED152}.AppStore|iPhoneSimulator.Build.0 = Release|Any CPU
		{E7045BF0-418B-4DFB-B4AF-207966EED152}.AppStore|x64.ActiveCfg = Release|Any CPU
		{E7045BF0-418B-4DFB-B4AF-207966EED152}.AppStore|x64.Build.0 = Release|Any CPU
		{E7045BF0-418B-4DFB-B4AF-207966EED152}.AppStore|x86.ActiveCfg = Release|Any CPU
		{E7045BF0-418B-4DFB-B4AF-207966EED152}.AppStore|x86.Build.0 = Release|Any CPU
		{E7045BF0-418B-4DFB-B4AF-207966EED152}.Debug|Any CPU.ActiveCfg = Debug|Any CPU
		{E7045BF0-418B-4DFB-B4AF-207966EED152}.Debug|Any CPU.Build.0 = Debug|Any CPU
		{E7045BF0-418B-4DFB-B4AF-207966EED152}.Debug|ARM.ActiveCfg = Debug|Any CPU
		{E7045BF0-418B-4DFB-B4AF-207966EED152}.Debug|ARM.Build.0 = Debug|Any CPU
		{E7045BF0-418B-4DFB-B4AF-207966EED152}.Debug|iPhone.ActiveCfg = Debug|Any CPU
		{E7045BF0-418B-4DFB-B4AF-207966EED152}.Debug|iPhone.Build.0 = Debug|Any CPU
		{E7045BF0-418B-4DFB-B4AF-207966EED152}.Debug|iPhoneSimulator.ActiveCfg = Debug|Any CPU
		{E7045BF0-418B-4DFB-B4AF-207966EED152}.Debug|iPhoneSimulator.Build.0 = Debug|Any CPU
		{E7045BF0-418B-4DFB-B4AF-207966EED152}.Debug|x64.ActiveCfg = Debug|Any CPU
		{E7045BF0-418B-4DFB-B4AF-207966EED152}.Debug|x64.Build.0 = Debug|Any CPU
		{E7045BF0-418B-4DFB-B4AF-207966EED152}.Debug|x86.ActiveCfg = Debug|Any CPU
		{E7045BF0-418B-4DFB-B4AF-207966EED152}.Debug|x86.Build.0 = Debug|Any CPU
		{E7045BF0-418B-4DFB-B4AF-207966EED152}.Release|Any CPU.ActiveCfg = Release|Any CPU
		{E7045BF0-418B-4DFB-B4AF-207966EED152}.Release|Any CPU.Build.0 = Release|Any CPU
		{E7045BF0-418B-4DFB-B4AF-207966EED152}.Release|ARM.ActiveCfg = Release|Any CPU
		{E7045BF0-418B-4DFB-B4AF-207966EED152}.Release|ARM.Build.0 = Release|Any CPU
		{E7045BF0-418B-4DFB-B4AF-207966EED152}.Release|iPhone.ActiveCfg = Release|Any CPU
		{E7045BF0-418B-4DFB-B4AF-207966EED152}.Release|iPhone.Build.0 = Release|Any CPU
		{E7045BF0-418B-4DFB-B4AF-207966EED152}.Release|iPhoneSimulator.ActiveCfg = Release|Any CPU
		{E7045BF0-418B-4DFB-B4AF-207966EED152}.Release|iPhoneSimulator.Build.0 = Release|Any CPU
		{E7045BF0-418B-4DFB-B4AF-207966EED152}.Release|x64.ActiveCfg = Release|Any CPU
		{E7045BF0-418B-4DFB-B4AF-207966EED152}.Release|x64.Build.0 = Release|Any CPU
		{E7045BF0-418B-4DFB-B4AF-207966EED152}.Release|x86.ActiveCfg = Release|Any CPU
		{E7045BF0-418B-4DFB-B4AF-207966EED152}.Release|x86.Build.0 = Release|Any CPU
	EndGlobalSection
	GlobalSection(SolutionProperties) = preSolution
		HideSolutionNode = FALSE
	EndGlobalSection
	GlobalSection(ExtensibilityGlobals) = postSolution
		SolutionGuid = {4DF93F2D-FC1B-4D99-BA42-FCE2D44E55F7}
	EndGlobalSection
EndGlobal
